// !$*UTF8*$!
{
	archiveVersion = 1;
	classes = {
	};
	objectVersion = 48;
	objects = {

/* Begin PBXBuildFile section */
		4546E924208AE29300800BCA /* AppDelegate.swift in Sources */ = {isa = PBXBuildFile; fileRef = 4546E923208AE29300800BCA /* AppDelegate.swift */; };
		4546E929208AE29300800BCA /* Main.storyboard in Resources */ = {isa = PBXBuildFile; fileRef = 4546E927208AE29300800BCA /* Main.storyboard */; };
		4546E92C208AE29300800BCA /* netdagaya.xcdatamodeld in Sources */ = {isa = PBXBuildFile; fileRef = 4546E92A208AE29300800BCA /* netdagaya.xcdatamodeld */; };
		4546E92E208AE29300800BCA /* Assets.xcassets in Resources */ = {isa = PBXBuildFile; fileRef = 4546E92D208AE29300800BCA /* Assets.xcassets */; };
		4546E931208AE29300800BCA /* LaunchScreen.storyboard in Resources */ = {isa = PBXBuildFile; fileRef = 4546E92F208AE29300800BCA /* LaunchScreen.storyboard */; };
		4546E93C208AE29300800BCA /* netdagayaTests.swift in Sources */ = {isa = PBXBuildFile; fileRef = 4546E93B208AE29300800BCA /* netdagayaTests.swift */; };
		4546E947208AE29300800BCA /* netdagayaUITests.swift in Sources */ = {isa = PBXBuildFile; fileRef = 4546E946208AE29300800BCA /* netdagayaUITests.swift */; };
		4546E955208AE30100800BCA /* ViewController.swift in Sources */ = {isa = PBXBuildFile; fileRef = 4546E954208AE30100800BCA /* ViewController.swift */; };
/* End PBXBuildFile section */

/* Begin PBXContainerItemProxy section */
		4546E938208AE29300800BCA /* PBXContainerItemProxy */ = {
			isa = PBXContainerItemProxy;
			containerPortal = 4546E918208AE29300800BCA /* Project object */;
			proxyType = 1;
			remoteGlobalIDString = 4546E91F208AE29300800BCA;
			remoteInfo = netdagaya;
		};
		4546E943208AE29300800BCA /* PBXContainerItemProxy */ = {
			isa = PBXContainerItemProxy;
			containerPortal = 4546E918208AE29300800BCA /* Project object */;
			proxyType = 1;
			remoteGlobalIDString = 4546E91F208AE29300800BCA;
			remoteInfo = netdagaya;
		};
/* End PBXContainerItemProxy section */

/* Begin PBXFileReference section */
		4546E920208AE29300800BCA /* netdagaya.app */ = {isa = PBXFileReference; explicitFileType = wrapper.application; includeInIndex = 0; path = netdagaya.app; sourceTree = BUILT_PRODUCTS_DIR; };
		4546E923208AE29300800BCA /* AppDelegate.swift */ = {isa = PBXFileReference; lastKnownFileType = sourcecode.swift; path = AppDelegate.swift; sourceTree = "<group>"; };
		4546E928208AE29300800BCA /* Base */ = {isa = PBXFileReference; lastKnownFileType = file.storyboard; name = Base; path = Base.lproj/Main.storyboard; sourceTree = "<group>"; };
		4546E92B208AE29300800BCA /* netdagaya.xcdatamodel */ = {isa = PBXFileReference; lastKnownFileType = wrapper.xcdatamodel; path = netdagaya.xcdatamodel; sourceTree = "<group>"; };
		4546E92D208AE29300800BCA /* Assets.xcassets */ = {isa = PBXFileReference; lastKnownFileType = folder.assetcatalog; path = Assets.xcassets; sourceTree = "<group>"; };
		4546E930208AE29300800BCA /* Base */ = {isa = PBXFileReference; lastKnownFileType = file.storyboard; name = Base; path = Base.lproj/LaunchScreen.storyboard; sourceTree = "<group>"; };
		4546E932208AE29300800BCA /* Info.plist */ = {isa = PBXFileReference; lastKnownFileType = text.plist.xml; path = Info.plist; sourceTree = "<group>"; };
		4546E937208AE29300800BCA /* netdagayaTests.xctest */ = {isa = PBXFileReference; explicitFileType = wrapper.cfbundle; includeInIndex = 0; path = netdagayaTests.xctest; sourceTree = BUILT_PRODUCTS_DIR; };
		4546E93B208AE29300800BCA /* netdagayaTests.swift */ = {isa = PBXFileReference; lastKnownFileType = sourcecode.swift; path = netdagayaTests.swift; sourceTree = "<group>"; };
		4546E93D208AE29300800BCA /* Info.plist */ = {isa = PBXFileReference; lastKnownFileType = text.plist.xml; path = Info.plist; sourceTree = "<group>"; };
		4546E942208AE29300800BCA /* netdagayaUITests.xctest */ = {isa = PBXFileReference; explicitFileType = wrapper.cfbundle; includeInIndex = 0; path = netdagayaUITests.xctest; sourceTree = BUILT_PRODUCTS_DIR; };
		4546E946208AE29300800BCA /* netdagayaUITests.swift */ = {isa = PBXFileReference; lastKnownFileType = sourcecode.swift; path = netdagayaUITests.swift; sourceTree = "<group>"; };
		4546E948208AE29300800BCA /* Info.plist */ = {isa = PBXFileReference; lastKnownFileType = text.plist.xml; path = Info.plist; sourceTree = "<group>"; };
		4546E954208AE30100800BCA /* ViewController.swift */ = {isa = PBXFileReference; lastKnownFileType = sourcecode.swift; path = ViewController.swift; sourceTree = "<group>"; };
/* End PBXFileReference section */

/* Begin PBXFrameworksBuildPhase section */
		4546E91D208AE29300800BCA /* Frameworks */ = {
			isa = PBXFrameworksBuildPhase;
			buildActionMask = 2147483647;
			files = (
			);
			runOnlyForDeploymentPostprocessing = 0;
		};
		4546E934208AE29300800BCA /* Frameworks */ = {
			isa = PBXFrameworksBuildPhase;
			buildActionMask = 2147483647;
			files = (
			);
			runOnlyForDeploymentPostprocessing = 0;
		};
		4546E93F208AE29300800BCA /* Frameworks */ = {
			isa = PBXFrameworksBuildPhase;
			buildActionMask = 2147483647;
			files = (
			);
			runOnlyForDeploymentPostprocessing = 0;
		};
/* End PBXFrameworksBuildPhase section */

/* Begin PBXGroup section */
		4546E917208AE29300800BCA = {
			isa = PBXGroup;
			children = (
				4546E922208AE29300800BCA /* netdagaya */,
				4546E93A208AE29300800BCA /* netdagayaTests */,
				4546E945208AE29300800BCA /* netdagayaUITests */,
				4546E921208AE29300800BCA /* Products */,
			);
			sourceTree = "<group>";
		};
		4546E921208AE29300800BCA /* Products */ = {
			isa = PBXGroup;
			children = (
				4546E920208AE29300800BCA /* netdagaya.app */,
				4546E937208AE29300800BCA /* netdagayaTests.xctest */,
				4546E942208AE29300800BCA /* netdagayaUITests.xctest */,
			);
			name = Products;
			sourceTree = "<group>";
		};
		4546E922208AE29300800BCA /* netdagaya */ = {
			isa = PBXGroup;
			children = (
				4546E923208AE29300800BCA /* AppDelegate.swift */,
				4546E927208AE29300800BCA /* Main.storyboard */,
				4546E954208AE30100800BCA /* ViewController.swift */,
				4546E92D208AE29300800BCA /* Assets.xcassets */,
				4546E92F208AE29300800BCA /* LaunchScreen.storyboard */,
				4546E932208AE29300800BCA /* Info.plist */,
				4546E92A208AE29300800BCA /* netdagaya.xcdatamodeld */,
			);
			path = netdagaya;
			sourceTree = "<group>";
		};
		4546E93A208AE29300800BCA /* netdagayaTests */ = {
			isa = PBXGroup;
			children = (
				4546E93B208AE29300800BCA /* netdagayaTests.swift */,
				4546E93D208AE29300800BCA /* Info.plist */,
			);
			path = netdagayaTests;
			sourceTree = "<group>";
		};
		4546E945208AE29300800BCA /* netdagayaUITests */ = {
			isa = PBXGroup;
			children = (
				4546E946208AE29300800BCA /* netdagayaUITests.swift */,
				4546E948208AE29300800BCA /* Info.plist */,
			);
			path = netdagayaUITests;
			sourceTree = "<group>";
		};
/* End PBXGroup section */

/* Begin PBXNativeTarget section */
		4546E91F208AE29300800BCA /* netdagaya */ = {
			isa = PBXNativeTarget;
			buildConfigurationList = 4546E94B208AE29300800BCA /* Build configuration list for PBXNativeTarget "netdagaya" */;
			buildPhases = (
				4546E91C208AE29300800BCA /* Sources */,
				4546E91D208AE29300800BCA /* Frameworks */,
				4546E91E208AE29300800BCA /* Resources */,
			);
			buildRules = (
			);
			dependencies = (
			);
			name = netdagaya;
			productName = netdagaya;
			productReference = 4546E920208AE29300800BCA /* netdagaya.app */;
			productType = "com.apple.product-type.application";
		};
		4546E936208AE29300800BCA /* netdagayaTests */ = {
			isa = PBXNativeTarget;
			buildConfigurationList = 4546E94E208AE29300800BCA /* Build configuration list for PBXNativeTarget "netdagayaTests" */;
			buildPhases = (
				4546E933208AE29300800BCA /* Sources */,
				4546E934208AE29300800BCA /* Frameworks */,
				4546E935208AE29300800BCA /* Resources */,
			);
			buildRules = (
			);
			dependencies = (
				4546E939208AE29300800BCA /* PBXTargetDependency */,
			);
			name = netdagayaTests;
			productName = netdagayaTests;
			productReference = 4546E937208AE29300800BCA /* netdagayaTests.xctest */;
			productType = "com.apple.product-type.bundle.unit-test";
		};
		4546E941208AE29300800BCA /* netdagayaUITests */ = {
			isa = PBXNativeTarget;
			buildConfigurationList = 4546E951208AE29300800BCA /* Build configuration list for PBXNativeTarget "netdagayaUITests" */;
			buildPhases = (
				4546E93E208AE29300800BCA /* Sources */,
				4546E93F208AE29300800BCA /* Frameworks */,
				4546E940208AE29300800BCA /* Resources */,
			);
			buildRules = (
			);
			dependencies = (
				4546E944208AE29300800BCA /* PBXTargetDependency */,
			);
			name = netdagayaUITests;
			productName = netdagayaUITests;
			productReference = 4546E942208AE29300800BCA /* netdagayaUITests.xctest */;
			productType = "com.apple.product-type.bundle.ui-testing";
		};
/* End PBXNativeTarget section */

/* Begin PBXProject section */
		4546E918208AE29300800BCA /* Project object */ = {
			isa = PBXProject;
			attributes = {
				LastSwiftUpdateCheck = 0920;
				LastUpgradeCheck = 0920;
				ORGANIZATIONNAME = suzuhiro;
				TargetAttributes = {
					4546E91F208AE29300800BCA = {
						CreatedOnToolsVersion = 9.2;
						ProvisioningStyle = Automatic;
					};
					4546E936208AE29300800BCA = {
						CreatedOnToolsVersion = 9.2;
						ProvisioningStyle = Automatic;
						TestTargetID = 4546E91F208AE29300800BCA;
					};
					4546E941208AE29300800BCA = {
						CreatedOnToolsVersion = 9.2;
						ProvisioningStyle = Automatic;
						TestTargetID = 4546E91F208AE29300800BCA;
					};
				};
			};
			buildConfigurationList = 4546E91B208AE29300800BCA /* Build configuration list for PBXProject "netdagaya" */;
			compatibilityVersion = "Xcode 8.0";
			developmentRegion = en;
			hasScannedForEncodings = 0;
			knownRegions = (
				en,
				Base,
			);
			mainGroup = 4546E917208AE29300800BCA;
			productRefGroup = 4546E921208AE29300800BCA /* Products */;
			projectDirPath = "";
			projectRoot = "";
			targets = (
				4546E91F208AE29300800BCA /* netdagaya */,
				4546E936208AE29300800BCA /* netdagayaTests */,
				4546E941208AE29300800BCA /* netdagayaUITests */,
			);
		};
/* End PBXProject section */

/* Begin PBXResourcesBuildPhase section */
		4546E91E208AE29300800BCA /* Resources */ = {
			isa = PBXResourcesBuildPhase;
			buildActionMask = 2147483647;
			files = (
				4546E931208AE29300800BCA /* LaunchScreen.storyboard in Resources */,
				4546E92E208AE29300800BCA /* Assets.xcassets in Resources */,
				4546E929208AE29300800BCA /* Main.storyboard in Resources */,
			);
			runOnlyForDeploymentPostprocessing = 0;
		};
		4546E935208AE29300800BCA /* Resources */ = {
			isa = PBXResourcesBuildPhase;
			buildActionMask = 2147483647;
			files = (
			);
			runOnlyForDeploymentPostprocessing = 0;
		};
		4546E940208AE29300800BCA /* Resources */ = {
			isa = PBXResourcesBuildPhase;
			buildActionMask = 2147483647;
			files = (
			);
			runOnlyForDeploymentPostprocessing = 0;
		};
/* End PBXResourcesBuildPhase section */

/* Begin PBXSourcesBuildPhase section */
		4546E91C208AE29300800BCA /* Sources */ = {
			isa = PBXSourcesBuildPhase;
			buildActionMask = 2147483647;
			files = (
				4546E955208AE30100800BCA /* ViewController.swift in Sources */,
				4546E92C208AE29300800BCA /* netdagaya.xcdatamodeld in Sources */,
				4546E924208AE29300800BCA /* AppDelegate.swift in Sources */,
			);
			runOnlyForDeploymentPostprocessing = 0;
		};
		4546E933208AE29300800BCA /* Sources */ = {
			isa = PBXSourcesBuildPhase;
			buildActionMask = 2147483647;
			files = (
				4546E93C208AE29300800BCA /* netdagayaTests.swift in Sources */,
			);
			runOnlyForDeploymentPostprocessing = 0;
		};
		4546E93E208AE29300800BCA /* Sources */ = {
			isa = PBXSourcesBuildPhase;
			buildActionMask = 2147483647;
			files = (
				4546E947208AE29300800BCA /* netdagayaUITests.swift in Sources */,
			);
			runOnlyForDeploymentPostprocessing = 0;
		};
/* End PBXSourcesBuildPhase section */

/* Begin PBXTargetDependency section */
		4546E939208AE29300800BCA /* PBXTargetDependency */ = {
			isa = PBXTargetDependency;
			target = 4546E91F208AE29300800BCA /* netdagaya */;
			targetProxy = 4546E938208AE29300800BCA /* PBXContainerItemProxy */;
		};
		4546E944208AE29300800BCA /* PBXTargetDependency */ = {
			isa = PBXTargetDependency;
			target = 4546E91F208AE29300800BCA /* netdagaya */;
			targetProxy = 4546E943208AE29300800BCA /* PBXContainerItemProxy */;
		};
/* End PBXTargetDependency section */

/* Begin PBXVariantGroup section */
		4546E927208AE29300800BCA /* Main.storyboard */ = {
			isa = PBXVariantGroup;
			children = (
				4546E928208AE29300800BCA /* Base */,
			);
			name = Main.storyboard;
			sourceTree = "<group>";
		};
		4546E92F208AE29300800BCA /* LaunchScreen.storyboard */ = {
			isa = PBXVariantGroup;
			children = (
				4546E930208AE29300800BCA /* Base */,
			);
			name = LaunchScreen.storyboard;
			sourceTree = "<group>";
		};
/* End PBXVariantGroup section */

/* Begin XCBuildConfiguration section */
		4546E949208AE29300800BCA /* Debug */ = {
			isa = XCBuildConfiguration;
			buildSettings = {
				ALWAYS_SEARCH_USER_PATHS = NO;
				CLANG_ANALYZER_NONNULL = YES;
				CLANG_ANALYZER_NUMBER_OBJECT_CONVERSION = YES_AGGRESSIVE;
				CLANG_CXX_LANGUAGE_STANDARD = "gnu++14";
				CLANG_CXX_LIBRARY = "libc++";
				CLANG_ENABLE_MODULES = YES;
				CLANG_ENABLE_OBJC_ARC = YES;
				CLANG_WARN_BLOCK_CAPTURE_AUTORELEASING = YES;
				CLANG_WARN_BOOL_CONVERSION = YES;
				CLANG_WARN_COMMA = YES;
				CLANG_WARN_CONSTANT_CONVERSION = YES;
				CLANG_WARN_DIRECT_OBJC_ISA_USAGE = YES_ERROR;
				CLANG_WARN_DOCUMENTATION_COMMENTS = YES;
				CLANG_WARN_EMPTY_BODY = YES;
				CLANG_WARN_ENUM_CONVERSION = YES;
				CLANG_WARN_INFINITE_RECURSION = YES;
				CLANG_WARN_INT_CONVERSION = YES;
				CLANG_WARN_NON_LITERAL_NULL_CONVERSION = YES;
				CLANG_WARN_OBJC_LITERAL_CONVERSION = YES;
				CLANG_WARN_OBJC_ROOT_CLASS = YES_ERROR;
				CLANG_WARN_RANGE_LOOP_ANALYSIS = YES;
				CLANG_WARN_STRICT_PROTOTYPES = YES;
				CLANG_WARN_SUSPICIOUS_MOVE = YES;
				CLANG_WARN_UNGUARDED_AVAILABILITY = YES_AGGRESSIVE;
				CLANG_WARN_UNREACHABLE_CODE = YES;
				CLANG_WARN__DUPLICATE_METHOD_MATCH = YES;
				CODE_SIGN_IDENTITY = "iPhone Developer";
				COPY_PHASE_STRIP = NO;
				DEBUG_INFORMATION_FORMAT = dwarf;
				ENABLE_STRICT_OBJC_MSGSEND = YES;
				ENABLE_TESTABILITY = YES;
				GCC_C_LANGUAGE_STANDARD = gnu11;
				GCC_DYNAMIC_NO_PIC = NO;
				GCC_NO_COMMON_BLOCKS = YES;
				GCC_OPTIMIZATION_LEVEL = 0;
				GCC_PREPROCESSOR_DEFINITIONS = (
					"DEBUG=1",
					"$(inherited)",
				);
				GCC_WARN_64_TO_32_BIT_CONVERSION = YES;
				GCC_WARN_ABOUT_RETURN_TYPE = YES_ERROR;
				GCC_WARN_UNDECLARED_SELECTOR = YES;
				GCC_WARN_UNINITIALIZED_AUTOS = YES_AGGRESSIVE;
				GCC_WARN_UNUSED_FUNCTION = YES;
				GCC_WARN_UNUSED_VARIABLE = YES;
				IPHONEOS_DEPLOYMENT_TARGET = 11.2;
				MTL_ENABLE_DEBUG_INFO = YES;
				ONLY_ACTIVE_ARCH = YES;
				SDKROOT = iphoneos;
				SWIFT_ACTIVE_COMPILATION_CONDITIONS = DEBUG;
				SWIFT_OPTIMIZATION_LEVEL = "-Onone";
			};
			name = Debug;
		};
		4546E94A208AE29300800BCA /* Release */ = {
			isa = XCBuildConfiguration;
			buildSettings = {
				ALWAYS_SEARCH_USER_PATHS = NO;
				CLANG_ANALYZER_NONNULL = YES;
				CLANG_ANALYZER_NUMBER_OBJECT_CONVERSION = YES_AGGRESSIVE;
				CLANG_CXX_LANGUAGE_STANDARD = "gnu++14";
				CLANG_CXX_LIBRARY = "libc++";
				CLANG_ENABLE_MODULES = YES;
				CLANG_ENABLE_OBJC_ARC = YES;
				CLANG_WARN_BLOCK_CAPTURE_AUTORELEASING = YES;
				CLANG_WARN_BOOL_CONVERSION = YES;
				CLANG_WARN_COMMA = YES;
				CLANG_WARN_CONSTANT_CONVERSION = YES;
				CLANG_WARN_DIRECT_OBJC_ISA_USAGE = YES_ERROR;
				CLANG_WARN_DOCUMENTATION_COMMENTS = YES;
				CLANG_WARN_EMPTY_BODY = YES;
				CLANG_WARN_ENUM_CONVERSION = YES;
				CLANG_WARN_INFINITE_RECURSION = YES;
				CLANG_WARN_INT_CONVERSION = YES;
				CLANG_WARN_NON_LITERAL_NULL_CONVERSION = YES;
				CLANG_WARN_OBJC_LITERAL_CONVERSION = YES;
				CLANG_WARN_OBJC_ROOT_CLASS = YES_ERROR;
				CLANG_WARN_RANGE_LOOP_ANALYSIS = YES;
				CLANG_WARN_STRICT_PROTOTYPES = YES;
				CLANG_WARN_SUSPICIOUS_MOVE = YES;
				CLANG_WARN_UNGUARDED_AVAILABILITY = YES_AGGRESSIVE;
				CLANG_WARN_UNREACHABLE_CODE = YES;
				CLANG_WARN__DUPLICATE_METHOD_MATCH = YES;
				CODE_SIGN_IDENTITY = "iPhone Developer";
				COPY_PHASE_STRIP = NO;
				DEBUG_INFORMATION_FORMAT = "dwarf-with-dsym";
				ENABLE_NS_ASSERTIONS = NO;
				ENABLE_STRICT_OBJC_MSGSEND = YES;
				GCC_C_LANGUAGE_STANDARD = gnu11;
				GCC_NO_COMMON_BLOCKS = YES;
				GCC_WARN_64_TO_32_BIT_CONVERSION = YES;
				GCC_WARN_ABOUT_RETURN_TYPE = YES_ERROR;
				GCC_WARN_UNDECLARED_SELECTOR = YES;
				GCC_WARN_UNINITIALIZED_AUTOS = YES_AGGRESSIVE;
				GCC_WARN_UNUSED_FUNCTION = YES;
				GCC_WARN_UNUSED_VARIABLE = YES;
				IPHONEOS_DEPLOYMENT_TARGET = 11.2;
				MTL_ENABLE_DEBUG_INFO = NO;
				SDKROOT = iphoneos;
				SWIFT_OPTIMIZATION_LEVEL = "-Owholemodule";
				VALIDATE_PRODUCT = YES;
			};
			name = Release;
		};
		4546E94C208AE29300800BCA /* Debug */ = {
			isa = XCBuildConfiguration;
			buildSettings = {
				ASSETCATALOG_COMPILER_APPICON_NAME = AppIcon;
				CODE_SIGN_STYLE = Automatic;
				INFOPLIST_FILE = netdagaya/Info.plist;
				IPHONEOS_DEPLOYMENT_TARGET = 11.0;
				LD_RUNPATH_SEARCH_PATHS = "$(inherited) @executable_path/Frameworks";
				PRODUCT_BUNDLE_IDENTIFIER = com.ametis.netdagaya;
				PRODUCT_NAME = "$(TARGET_NAME)";
				SWIFT_VERSION = 4.0;
				TARGETED_DEVICE_FAMILY = "1,2";
			};
			name = Debug;
		};
		4546E94D208AE29300800BCA /* Release */ = {
			isa = XCBuildConfiguration;
			buildSettings = {
				ASSETCATALOG_COMPILER_APPICON_NAME = AppIcon;
				CODE_SIGN_STYLE = Automatic;
				INFOPLIST_FILE = netdagaya/Info.plist;
				IPHONEOS_DEPLOYMENT_TARGET = 11.0;
				LD_RUNPATH_SEARCH_PATHS = "$(inherited) @executable_path/Frameworks";
				PRODUCT_BUNDLE_IDENTIFIER = com.ametis.netdagaya;
				PRODUCT_NAME = "$(TARGET_NAME)";
				SWIFT_VERSION = 4.0;
				TARGETED_DEVICE_FAMILY = "1,2";
			};
			name = Release;
		};
		4546E94F208AE29300800BCA /* Debug */ = {
			isa = XCBuildConfiguration;
			buildSettings = {
				ALWAYS_EMBED_SWIFT_STANDARD_LIBRARIES = YES;
				BUNDLE_LOADER = "$(TEST_HOST)";
				CODE_SIGN_STYLE = Automatic;
				INFOPLIST_FILE = netdagayaTests/Info.plist;
				LD_RUNPATH_SEARCH_PATHS = "$(inherited) @executable_path/Frameworks @loader_path/Frameworks";
				PRODUCT_BUNDLE_IDENTIFIER = com.ametis.netdagayaTests;
				PRODUCT_NAME = "$(TARGET_NAME)";
				SWIFT_VERSION = 4.0;
				TARGETED_DEVICE_FAMILY = "1,2";
				TEST_HOST = "$(BUILT_PRODUCTS_DIR)/netdagaya.app/netdagaya";
			};
			name = Debug;
		};
		4546E950208AE29300800BCA /* Release */ = {
			isa = XCBuildConfiguration;
			buildSettings = {
				ALWAYS_EMBED_SWIFT_STANDARD_LIBRARIES = YES;
				BUNDLE_LOADER = "$(TEST_HOST)";
				CODE_SIGN_STYLE = Automatic;
				INFOPLIST_FILE = netdagayaTests/Info.plist;
				LD_RUNPATH_SEARCH_PATHS = "$(inherited) @executable_path/Frameworks @loader_path/Frameworks";
				PRODUCT_BUNDLE_IDENTIFIER = com.ametis.netdagayaTests;
				PRODUCT_NAME = "$(TARGET_NAME)";
				SWIFT_VERSION = 4.0;
				TARGETED_DEVICE_FAMILY = "1,2";
				TEST_HOST = "$(BUILT_PRODUCTS_DIR)/netdagaya.app/netdagaya";
			};
			name = Release;
		};
		4546E952208AE29300800BCA /* Debug */ = {
			isa = XCBuildConfiguration;
			buildSettings = {
				ALWAYS_EMBED_SWIFT_STANDARD_LIBRARIES = YES;
				CODE_SIGN_STYLE = Automatic;
				INFOPLIST_FILE = netdagayaUITests/Info.plist;
				LD_RUNPATH_SEARCH_PATHS = "$(inherited) @executable_path/Frameworks @loader_path/Frameworks";
				PRODUCT_BUNDLE_IDENTIFIER = com.ametis.netdagayaUITests;
				PRODUCT_NAME = "$(TARGET_NAME)";
				SWIFT_VERSION = 4.0;
				TARGETED_DEVICE_FAMILY = "1,2";
				TEST_TARGET_NAME = netdagaya;
			};
			name = Debug;
		};
		4546E953208AE29300800BCA /* Release */ = {
			isa = XCBuildConfiguration;
			buildSettings = {
				ALWAYS_EMBED_SWIFT_STANDARD_LIBRARIES = YES;
				CODE_SIGN_STYLE = Automatic;
				INFOPLIST_FILE = netdagayaUITests/Info.plist;
				LD_RUNPATH_SEARCH_PATHS = "$(inherited) @executable_path/Frameworks @loader_path/Frameworks";
				PRODUCT_BUNDLE_IDENTIFIER = com.ametis.netdagayaUITests;
				PRODUCT_NAME = "$(TARGET_NAME)";
				SWIFT_VERSION = 4.0;
				TARGETED_DEVICE_FAMILY = "1,2";
				TEST_TARGET_NAME = netdagaya;
			};
			name = Release;
		};
/* End XCBuildConfiguration section */

/* Begin XCConfigurationList section */
		4546E91B208AE29300800BCA /* Build configuration list for PBXProject "netdagaya" */ = {
			isa = XCConfigurationList;
			buildConfigurations = (
				4546E949208AE29300800BCA /* Debug */,
				4546E94A208AE29300800BCA /* Release */,
			);
			defaultConfigurationIsVisible = 0;
			defaultConfigurationName = Release;
		};
		4546E94B208AE29300800BCA /* Build configuration list for PBXNativeTarget "netdagaya" */ = {
			isa = XCConfigurationList;
			buildConfigurations = (
				4546E94C208AE29300800BCA /* Debug */,
				4546E94D208AE29300800BCA /* Release */,
			);
			defaultConfigurationIsVisible = 0;
			defaultConfigurationName = Release;
		};
		4546E94E208AE29300800BCA /* Build configuration list for PBXNativeTarget "netdagayaTests" */ = {
			isa = XCConfigurationList;
			buildConfigurations = (
				4546E94F208AE29300800BCA /* Debug */,
				4546E950208AE29300800BCA /* Release */,
			);
			defaultConfigurationIsVisible = 0;
			defaultConfigurationName = Release;
		};
		4546E951208AE29300800BCA /* Build configuration list for PBXNativeTarget "netdagayaUITests" */ = {
			isa = XCConfigurationList;
			buildConfigurations = (
				4546E952208AE29300800BCA /* Debug */,
				4546E953208AE29300800BCA /* Release */,
			);
			defaultConfigurationIsVisible = 0;
			defaultConfigurationName = Release;
		};
/* End XCConfigurationList section */

/* Begin XCVersionGroup section */
		4546E92A208AE29300800BCA /* netdagaya.xcdatamodeld */ = {
			isa = XCVersionGroup;
			children = (
				4546E92B208AE29300800BCA /* netdagaya.xcdatamodel */,
			);
			currentVersion = 4546E92B208AE29300800BCA /* netdagaya.xcdatamodel */;
			path = netdagaya.xcdatamodeld;
			sourceTree = "<group>";
			versionGroupType = wrapper.xcdatamodel;
		};
/* End XCVersionGroup section */
	};
	rootObject = 4546E918208AE29300800BCA /* Project object */;
}
